
Microsoft Visual Studio Solution File, Format Version 12.00
# Visual Studio Version 17
VisualStudioVersion = 17.9.34723.18
MinimumVisualStudioVersion = 10.0.40219.1
Project("{FAE04EC0-301F-11D3-BF4B-00C04F79EFBC}") = "Ejercicio4_Pseudocodigo", "Ejercicio4_Pseudocodigo\Ejercicio4_Pseudocodigo.csproj", "{1A888861-14D0-488C-A131-716B09A3506B}"
EndProject
Global
	GlobalSection(SolutionConfigurationPlatforms) = preSolution
		Debug|Any CPU = Debug|Any CPU
		Release|Any CPU = Release|Any CPU
	EndGlobalSection
	GlobalSection(ProjectConfigurationPlatforms) = postSolution
		{1A888861-14D0-488C-A131-716B09A3506B}.Debug|Any CPU.ActiveCfg = Debug|Any CPU
		{1A888861-14D0-488C-A131-716B09A3506B}.Debug|Any CPU.Build.0 = Debug|Any CPU
		{1A888861-14D0-488C-A131-716B09A3506B}.Release|Any CPU.ActiveCfg = Release|Any CPU
		{1A888861-14D0-488C-A131-716B09A3506B}.Release|Any CPU.Build.0 = Release|Any CPU
	EndGlobalSection
	GlobalSection(SolutionProperties) = preSolution
		HideSolutionNode = FALSE
	EndGlobalSection
	GlobalSection(ExtensibilityGlobals) = postSolution
		SolutionGuid = {B9078211-6F64-4C5D-9055-BDE11858BA93}
	EndGlobalSection
EndGlobal
