
Microsoft Visual Studio Solution File, Format Version 12.00
# Visual Studio Version 17
VisualStudioVersion = 17.9.34728.123
MinimumVisualStudioVersion = 10.0.40219.1
Project("{FAE04EC0-301F-11D3-BF4B-00C04F79EFBC}") = "Dos Por", "Dos Por\Dos Por.csproj", "{3B40A6F6-072F-481D-A9F7-8099195BFFFF}"
EndProject
Global
	GlobalSection(SolutionConfigurationPlatforms) = preSolution
		Debug|Any CPU = Debug|Any CPU
		Release|Any CPU = Release|Any CPU
	EndGlobalSection
	GlobalSection(ProjectConfigurationPlatforms) = postSolution
		{3B40A6F6-072F-481D-A9F7-8099195BFFFF}.Debug|Any CPU.ActiveCfg = Debug|Any CPU
		{3B40A6F6-072F-481D-A9F7-8099195BFFFF}.Debug|Any CPU.Build.0 = Debug|Any CPU
		{3B40A6F6-072F-481D-A9F7-8099195BFFFF}.Release|Any CPU.ActiveCfg = Release|Any CPU
		{3B40A6F6-072F-481D-A9F7-8099195BFFFF}.Release|Any CPU.Build.0 = Release|Any CPU
	EndGlobalSection
	GlobalSection(SolutionProperties) = preSolution
		HideSolutionNode = FALSE
	EndGlobalSection
	GlobalSection(ExtensibilityGlobals) = postSolution
		SolutionGuid = {3DCCE16A-8A5C-4419-99B4-E05C71025A82}
	EndGlobalSection
EndGlobal
